{
    "_readme": [
        "This file locks the dependencies of your project to a known state",
        "Read more about it at https://getcomposer.org/doc/01-basic-usage.md#composer-lock-the-lock-file",
        "This file is @generated automatically"
    ],
    "hash": "9262170c6c2b399498177e4faf77af97",
    "packages": [
        {
            "name": "jacere/composer-autoload",
            "version": "dev-master",
            "source": {
                "type": "git",
                "url": "https://github.com/jdauie/composer-autoload.git",
                "reference": "066477638b829068839b86de4c48e88952f6af7e"
            },
            "dist": {
                "type": "zip",
                "url": "https://api.github.com/repos/jdauie/composer-autoload/zipball/066477638b829068839b86de4c48e88952f6af7e",
                "reference": "066477638b829068839b86de4c48e88952f6af7e",
                "shasum": ""
            },
            "require": {
                "composer-plugin-api": "^1.0"
            },
            "type": "composer-plugin",
            "extra": {
                "class": "Jacere\\Composer\\AutoloadPlugin"
            },
            "autoload": {
                "psr-4": {
                    "Jacere\\Composer\\": ""
                }
            },
            "notification-url": "https://packagist.org/downloads/",
            "time": "2015-07-27 04:32:21"
        },
        {
            "name": "jacere/skhema",
            "version": "dev-master",
            "source": {
                "type": "git",
                "url": "https://github.com/jdauie/skhema.git",
                "reference": "61ee12ea51352c0db62d577aece30cae63a43893"
            },
            "dist": {
                "type": "zip",
                "url": "https://api.github.com/repos/jdauie/skhema/zipball/61ee12ea51352c0db62d577aece30cae63a43893",
                "reference": "61ee12ea51352c0db62d577aece30cae63a43893",
                "shasum": ""
            },
            "require": {
                "php": ">=5.5.0"
            },
            "type": "library",
            "autoload": {
                "psr-4": {
                    "Jacere\\Skhema\\": ""
                }
            },
            "notification-url": "https://packagist.org/downloads/",
            "license": [
                "MIT"
            ],
            "authors": [
                {
                    "name": "jdauie",
                    "email": "josh@joshmorey.com"
                }
            ],
            "homepage": "http://jacere.net",
            "time": "2015-07-24 17:37:37"
        },
        {
            "name": "jacere/subvert",
            "version": "dev-master",
            "source": {
                "type": "git",
                "url": "https://github.com/jdauie/subvert.git",
                "reference": "21b28f05a8541f21f4a007996b363129f0571ef6"
            },
            "dist": {
                "type": "zip",
                "url": "https://api.github.com/repos/jdauie/subvert/zipball/21b28f05a8541f21f4a007996b363129f0571ef6",
                "reference": "21b28f05a8541f21f4a007996b363129f0571ef6",
                "shasum": ""
            },
            "require": {
                "php": ">=5.5.0"
            },
            "type": "library",
            "autoload": {
                "psr-4": {
                    "Jacere\\Subvert\\": ""
                }
            },
            "notification-url": "https://packagist.org/downloads/",
            "license": [
                "MIT"
            ],
            "authors": [
                {
                    "name": "jdauie",
                    "email": "josh@joshmorey.com"
                }
            ],
            "homepage": "http://jacere.net",
            "time": "2015-07-24 17:37:12"
        },
        {
            "name": "mustangostang/spyc",
            "version": "dev-master",
            "source": {
                "type": "git",
                "url": "https://github.com/mustangostang/spyc.git",
                "reference": "eeb9f7c47e1457770d64c7fb1f3d4aabff52de4b"
            },
            "dist": {
                "type": "zip",
                "url": "https://api.github.com/repos/mustangostang/spyc/zipball/eeb9f7c47e1457770d64c7fb1f3d4aabff52de4b",
                "reference": "eeb9f7c47e1457770d64c7fb1f3d4aabff52de4b",
                "shasum": ""
            },
            "require": {
                "php": ">=5.3.1"
            },
            "type": "library",
            "extra": {
                "branch-alias": {
                    "dev-master": "0.5.x-dev"
                }
            },
            "autoload": {
                "files": [
                    "Spyc.php"
                ]
            },
            "notification-url": "https://packagist.org/downloads/",
            "license": [
                "MIT"
            ],
            "authors": [
                {
                    "name": "mustangostang",
                    "email": "vlad.andersen@gmail.com"
                }
            ],
            "description": "A simple YAML loader/dumper class for PHP",
            "homepage": "https://github.com/mustangostang/spyc/",
            "keywords": [
                "spyc",
                "yaml",
                "yml"
            ],
            "time": "2014-08-21 09:14:01"
        }
    ],
    "packages-dev": [],
    "aliases": [],
    "minimum-stability": "stable",
    "stability-flags": {
        "jacere/composer-autoload": 20,
        "jacere/skhema": 20,
        "jacere/subvert": 20,
        "mustangostang/spyc": 20
    },
    "prefer-stable": false,
    "prefer-lowest": false,
    "platform": {
        "php": ">=5.5.0"
    },
    "platform-dev": []
}
